
Microsoft Visual Studio Solution File, Format Version 12.00
# Visual Studio Version 16
VisualStudioVersion = 16.0.31729.503
MinimumVisualStudioVersion = 10.0.40219.1
Project("{FAE04EC0-301F-11D3-BF4B-00C04F79EFBC}") = "Documentos", "Documentos\Documentos.csproj", "{E9A67294-CA9A-417C-9C77-0676225D9757}"
EndProject
Global
	GlobalSection(SolutionConfigurationPlatforms) = preSolution
		Debug|Any CPU = Debug|Any CPU
		Release|Any CPU = Release|Any CPU
	EndGlobalSection
	GlobalSection(ProjectConfigurationPlatforms) = postSolution
		{E9A67294-CA9A-417C-9C77-0676225D9757}.Debug|Any CPU.ActiveCfg = Debug|Any CPU
		{E9A67294-CA9A-417C-9C77-0676225D9757}.Debug|Any CPU.Build.0 = Debug|Any CPU
		{E9A67294-CA9A-417C-9C77-0676225D9757}.Release|Any CPU.ActiveCfg = Release|Any CPU
		{E9A67294-CA9A-417C-9C77-0676225D9757}.Release|Any CPU.Build.0 = Release|Any CPU
	EndGlobalSection
	GlobalSection(SolutionProperties) = preSolution
		HideSolutionNode = FALSE
	EndGlobalSection
	GlobalSection(ExtensibilityGlobals) = postSolution
		SolutionGuid = {EAB8E5F6-BE69-47FB-BCA6-57E99DF2AAB4}
	EndGlobalSection
EndGlobal
